
Microsoft Visual Studio Solution File, Format Version 12.00
# Visual Studio Version 17
VisualStudioVersion = 17.10.35027.167
MinimumVisualStudioVersion = 10.0.40219.1
Project("{FAE04EC0-301F-11D3-BF4B-00C04F79EFBC}") = "CSharp_Identificar_vocal_cifra_numérica-consonante", "CSharp_Identificar_vocal_cifra_numérica-consonante\CSharp_Identificar_vocal_cifra_numérica-consonante.csproj", "{25278900-B3B9-4294-BD22-AB3960D53BFF}"
EndProject
Global
	GlobalSection(SolutionConfigurationPlatforms) = preSolution
		Debug|Any CPU = Debug|Any CPU
		Release|Any CPU = Release|Any CPU
	EndGlobalSection
	GlobalSection(ProjectConfigurationPlatforms) = postSolution
		{25278900-B3B9-4294-BD22-AB3960D53BFF}.Debug|Any CPU.ActiveCfg = Debug|Any CPU
		{25278900-B3B9-4294-BD22-AB3960D53BFF}.Debug|Any CPU.Build.0 = Debug|Any CPU
		{25278900-B3B9-4294-BD22-AB3960D53BFF}.Release|Any CPU.ActiveCfg = Release|Any CPU
		{25278900-B3B9-4294-BD22-AB3960D53BFF}.Release|Any CPU.Build.0 = Release|Any CPU
	EndGlobalSection
	GlobalSection(SolutionProperties) = preSolution
		HideSolutionNode = FALSE
	EndGlobalSection
	GlobalSection(ExtensibilityGlobals) = postSolution
		SolutionGuid = {50082370-BDAA-4708-8441-7E84D1E398B1}
	EndGlobalSection
EndGlobal
